
Microsoft Visual Studio Solution File, Format Version 12.00
# Visual Studio Version 16
VisualStudioVersion = 16.0.30114.105
MinimumVisualStudioVersion = 10.0.40219.1
Project("{FAE04EC0-301F-11D3-BF4B-00C04F79EFBC}") = "Store.Domain", "Store.Domain\Store.Domain.csproj", "{EABC0D45-53D0-41C0-A890-28DD6219E180}"
EndProject
Project("{FAE04EC0-301F-11D3-BF4B-00C04F79EFBC}") = "Store.Tests", "Store.Tests\Store.Tests.csproj", "{03271EE4-EEE0-40F2-B202-F01535EB7317}"
EndProject
Project("{FAE04EC0-301F-11D3-BF4B-00C04F79EFBC}") = "Store.Shared", "Store.Shared\Store.Shared.csproj", "{B9BA5809-2EC2-4491-8E84-4AC583E6B104}"
EndProject
Global
	GlobalSection(SolutionConfigurationPlatforms) = preSolution
		Debug|Any CPU = Debug|Any CPU
		Release|Any CPU = Release|Any CPU
	EndGlobalSection
	GlobalSection(SolutionProperties) = preSolution
		HideSolutionNode = FALSE
	EndGlobalSection
	GlobalSection(ProjectConfigurationPlatforms) = postSolution
		{EABC0D45-53D0-41C0-A890-28DD6219E180}.Debug|Any CPU.ActiveCfg = Debug|Any CPU
		{EABC0D45-53D0-41C0-A890-28DD6219E180}.Debug|Any CPU.Build.0 = Debug|Any CPU
		{EABC0D45-53D0-41C0-A890-28DD6219E180}.Release|Any CPU.ActiveCfg = Release|Any CPU
		{EABC0D45-53D0-41C0-A890-28DD6219E180}.Release|Any CPU.Build.0 = Release|Any CPU
		{03271EE4-EEE0-40F2-B202-F01535EB7317}.Debug|Any CPU.ActiveCfg = Debug|Any CPU
		{03271EE4-EEE0-40F2-B202-F01535EB7317}.Debug|Any CPU.Build.0 = Debug|Any CPU
		{03271EE4-EEE0-40F2-B202-F01535EB7317}.Release|Any CPU.ActiveCfg = Release|Any CPU
		{03271EE4-EEE0-40F2-B202-F01535EB7317}.Release|Any CPU.Build.0 = Release|Any CPU
		{B9BA5809-2EC2-4491-8E84-4AC583E6B104}.Debug|Any CPU.ActiveCfg = Debug|Any CPU
		{B9BA5809-2EC2-4491-8E84-4AC583E6B104}.Debug|Any CPU.Build.0 = Debug|Any CPU
		{B9BA5809-2EC2-4491-8E84-4AC583E6B104}.Release|Any CPU.ActiveCfg = Release|Any CPU
		{B9BA5809-2EC2-4491-8E84-4AC583E6B104}.Release|Any CPU.Build.0 = Release|Any CPU
	EndGlobalSection
EndGlobal
